// !$*UTF8*$!
{
	archiveVersion = 1;
	classes = {
	};
	objectVersion = 56;
	objects = {

/* Begin PBXBuildFile section */
		C3B2D5512895161D003FE87B /* RaceWeatherApp.swift in Sources */ = {isa = PBXBuildFile; fileRef = C3B2D5502895161D003FE87B /* RaceWeatherApp.swift */; };
		C3B2D5552895161E003FE87B /* Assets.xcassets in Resources */ = {isa = PBXBuildFile; fileRef = C3B2D5542895161E003FE87B /* Assets.xcassets */; };
		C3B2D56128951CEA003FE87B /* PresentationLayer in Resources */ = {isa = PBXBuildFile; fileRef = C3B2D55E28951CE9003FE87B /* PresentationLayer */; };
		C3B2D56228951CEA003FE87B /* DataLayer in Resources */ = {isa = PBXBuildFile; fileRef = C3B2D55F28951CEA003FE87B /* DataLayer */; };
		C3B2D56328951CEA003FE87B /* DomainLayer in Resources */ = {isa = PBXBuildFile; fileRef = C3B2D56028951CEA003FE87B /* DomainLayer */; };
		C3B2D56C2895220A003FE87B /* Utils in Resources */ = {isa = PBXBuildFile; fileRef = C3B2D56B28952209003FE87B /* Utils */; };
		C3B2D56E289523F7003FE87B /* App+Injection.swift in Sources */ = {isa = PBXBuildFile; fileRef = C3B2D56D289523F7003FE87B /* App+Injection.swift */; };
		C3B2D5742895250D003FE87B /* DataLayer in Frameworks */ = {isa = PBXBuildFile; productRef = C3B2D5732895250D003FE87B /* DataLayer */; };
		C3B2D5762895250D003FE87B /* DomainLayer in Frameworks */ = {isa = PBXBuildFile; productRef = C3B2D5752895250D003FE87B /* DomainLayer */; };
		C3B2D5782895250D003FE87B /* PresentationLayer in Frameworks */ = {isa = PBXBuildFile; productRef = C3B2D5772895250D003FE87B /* PresentationLayer */; };
		C3B2D57A2895250D003FE87B /* Utils in Frameworks */ = {isa = PBXBuildFile; productRef = C3B2D5792895250D003FE87B /* Utils */; };
/* End PBXBuildFile section */

/* Begin PBXFileReference section */
		C3B2D54D2895161D003FE87B /* RaceWeather.app */ = {isa = PBXFileReference; explicitFileType = wrapper.application; includeInIndex = 0; path = RaceWeather.app; sourceTree = BUILT_PRODUCTS_DIR; };
		C3B2D5502895161D003FE87B /* RaceWeatherApp.swift */ = {isa = PBXFileReference; lastKnownFileType = sourcecode.swift; path = RaceWeatherApp.swift; sourceTree = "<group>"; };
		C3B2D5542895161E003FE87B /* Assets.xcassets */ = {isa = PBXFileReference; lastKnownFileType = folder.assetcatalog; path = Assets.xcassets; sourceTree = "<group>"; };
		C3B2D55E28951CE9003FE87B /* PresentationLayer */ = {isa = PBXFileReference; lastKnownFileType = wrapper; path = PresentationLayer; sourceTree = "<group>"; };
		C3B2D55F28951CEA003FE87B /* DataLayer */ = {isa = PBXFileReference; lastKnownFileType = wrapper; path = DataLayer; sourceTree = "<group>"; };
		C3B2D56028951CEA003FE87B /* DomainLayer */ = {isa = PBXFileReference; lastKnownFileType = wrapper; path = DomainLayer; sourceTree = "<group>"; };
		C3B2D56B28952209003FE87B /* Utils */ = {isa = PBXFileReference; lastKnownFileType = wrapper; path = Utils; sourceTree = "<group>"; };
		C3B2D56D289523F7003FE87B /* App+Injection.swift */ = {isa = PBXFileReference; lastKnownFileType = sourcecode.swift; path = "App+Injection.swift"; sourceTree = "<group>"; };
/* End PBXFileReference section */

/* Begin PBXFrameworksBuildPhase section */
		C3B2D54A2895161D003FE87B /* Frameworks */ = {
			isa = PBXFrameworksBuildPhase;
			buildActionMask = 2147483647;
			files = (
				C3B2D5762895250D003FE87B /* DomainLayer in Frameworks */,
				C3B2D5782895250D003FE87B /* PresentationLayer in Frameworks */,
				C3B2D57A2895250D003FE87B /* Utils in Frameworks */,
				C3B2D5742895250D003FE87B /* DataLayer in Frameworks */,
			);
			runOnlyForDeploymentPostprocessing = 0;
		};
/* End PBXFrameworksBuildPhase section */

/* Begin PBXGroup section */
		C3B2D5442895161D003FE87B = {
			isa = PBXGroup;
			children = (
				C3B2D54F2895161D003FE87B /* RaceWeather */,
				C3B2D55F28951CEA003FE87B /* DataLayer */,
				C3B2D56028951CEA003FE87B /* DomainLayer */,
				C3B2D55E28951CE9003FE87B /* PresentationLayer */,
				C3B2D56B28952209003FE87B /* Utils */,
				C3B2D54E2895161D003FE87B /* Products */,
				C3B2D56428951D48003FE87B /* Frameworks */,
			);
			sourceTree = "<group>";
		};
		C3B2D54E2895161D003FE87B /* Products */ = {
			isa = PBXGroup;
			children = (
				C3B2D54D2895161D003FE87B /* RaceWeather.app */,
			);
			name = Products;
			sourceTree = "<group>";
		};
		C3B2D54F2895161D003FE87B /* RaceWeather */ = {
			isa = PBXGroup;
			children = (
				C3B2D5502895161D003FE87B /* RaceWeatherApp.swift */,
				C3B2D56D289523F7003FE87B /* App+Injection.swift */,
				C3B2D5542895161E003FE87B /* Assets.xcassets */,
			);
			path = RaceWeather;
			sourceTree = "<group>";
		};
		C3B2D56428951D48003FE87B /* Frameworks */ = {
			isa = PBXGroup;
			children = (
			);
			name = Frameworks;
			sourceTree = "<group>";
		};
/* End PBXGroup section */

/* Begin PBXNativeTarget section */
		C3B2D54C2895161D003FE87B /* RaceWeather */ = {
			isa = PBXNativeTarget;
			buildConfigurationList = C3B2D55B2895161E003FE87B /* Build configuration list for PBXNativeTarget "RaceWeather" */;
			buildPhases = (
				C3B2D5492895161D003FE87B /* Sources */,
				C3B2D54A2895161D003FE87B /* Frameworks */,
				C3B2D54B2895161D003FE87B /* Resources */,
			);
			buildRules = (
			);
			dependencies = (
			);
			name = RaceWeather;
			packageProductDependencies = (
				C3B2D5732895250D003FE87B /* DataLayer */,
				C3B2D5752895250D003FE87B /* DomainLayer */,
				C3B2D5772895250D003FE87B /* PresentationLayer */,
				C3B2D5792895250D003FE87B /* Utils */,
			);
			productName = RaceWeather;
			productReference = C3B2D54D2895161D003FE87B /* RaceWeather.app */;
			productType = "com.apple.product-type.application";
		};
/* End PBXNativeTarget section */

/* Begin PBXProject section */
		C3B2D5452895161D003FE87B /* Project object */ = {
			isa = PBXProject;
			attributes = {
				BuildIndependentTargetsInParallel = 1;
				LastSwiftUpdateCheck = 1400;
				LastUpgradeCheck = 1400;
				TargetAttributes = {
					C3B2D54C2895161D003FE87B = {
						CreatedOnToolsVersion = 14.0;
					};
				};
			};
			buildConfigurationList = C3B2D5482895161D003FE87B /* Build configuration list for PBXProject "RaceWeather" */;
			compatibilityVersion = "Xcode 14.0";
			developmentRegion = en;
			hasScannedForEncodings = 0;
			knownRegions = (
				en,
				Base,
			);
			mainGroup = C3B2D5442895161D003FE87B;
			productRefGroup = C3B2D54E2895161D003FE87B /* Products */;
			projectDirPath = "";
			projectRoot = "";
			targets = (
				C3B2D54C2895161D003FE87B /* RaceWeather */,
			);
		};
/* End PBXProject section */

/* Begin PBXResourcesBuildPhase section */
		C3B2D54B2895161D003FE87B /* Resources */ = {
			isa = PBXResourcesBuildPhase;
			buildActionMask = 2147483647;
			files = (
				C3B2D56328951CEA003FE87B /* DomainLayer in Resources */,
				C3B2D56128951CEA003FE87B /* PresentationLayer in Resources */,
				C3B2D56C2895220A003FE87B /* Utils in Resources */,
				C3B2D5552895161E003FE87B /* Assets.xcassets in Resources */,
				C3B2D56228951CEA003FE87B /* DataLayer in Resources */,
			);
			runOnlyForDeploymentPostprocessing = 0;
		};
/* End PBXResourcesBuildPhase section */

/* Begin PBXSourcesBuildPhase section */
		C3B2D5492895161D003FE87B /* Sources */ = {
			isa = PBXSourcesBuildPhase;
			buildActionMask = 2147483647;
			files = (
				C3B2D56E289523F7003FE87B /* App+Injection.swift in Sources */,
				C3B2D5512895161D003FE87B /* RaceWeatherApp.swift in Sources */,
			);
			runOnlyForDeploymentPostprocessing = 0;
		};
/* End PBXSourcesBuildPhase section */

/* Begin XCBuildConfiguration section */
		C3B2D5592895161E003FE87B /* Debug */ = {
			isa = XCBuildConfiguration;
			buildSettings = {
				ALWAYS_SEARCH_USER_PATHS = NO;
				CLANG_ANALYZER_NONNULL = YES;
				CLANG_ANALYZER_NUMBER_OBJECT_CONVERSION = YES_AGGRESSIVE;
				CLANG_CXX_LANGUAGE_STANDARD = "gnu++20";
				CLANG_ENABLE_MODULES = YES;
				CLANG_ENABLE_OBJC_ARC = YES;
				CLANG_ENABLE_OBJC_WEAK = YES;
				CLANG_WARN_BLOCK_CAPTURE_AUTORELEASING = YES;
				CLANG_WARN_BOOL_CONVERSION = YES;
				CLANG_WARN_COMMA = YES;
				CLANG_WARN_CONSTANT_CONVERSION = YES;
				CLANG_WARN_DEPRECATED_OBJC_IMPLEMENTATIONS = YES;
				CLANG_WARN_DIRECT_OBJC_ISA_USAGE = YES_ERROR;
				CLANG_WARN_DOCUMENTATION_COMMENTS = YES;
				CLANG_WARN_EMPTY_BODY = YES;
				CLANG_WARN_ENUM_CONVERSION = YES;
				CLANG_WARN_INFINITE_RECURSION = YES;
				CLANG_WARN_INT_CONVERSION = YES;
				CLANG_WARN_NON_LITERAL_NULL_CONVERSION = YES;
				CLANG_WARN_OBJC_IMPLICIT_RETAIN_SELF = YES;
				CLANG_WARN_OBJC_LITERAL_CONVERSION = YES;
				CLANG_WARN_OBJC_ROOT_CLASS = YES_ERROR;
				CLANG_WARN_QUOTED_INCLUDE_IN_FRAMEWORK_HEADER = YES;
				CLANG_WARN_RANGE_LOOP_ANALYSIS = YES;
				CLANG_WARN_STRICT_PROTOTYPES = YES;
				CLANG_WARN_SUSPICIOUS_MOVE = YES;
				CLANG_WARN_UNGUARDED_AVAILABILITY = YES_AGGRESSIVE;
				CLANG_WARN_UNREACHABLE_CODE = YES;
				CLANG_WARN__DUPLICATE_METHOD_MATCH = YES;
				COPY_PHASE_STRIP = NO;
				DEBUG_INFORMATION_FORMAT = dwarf;
				ENABLE_STRICT_OBJC_MSGSEND = YES;
				ENABLE_TESTABILITY = YES;
				GCC_C_LANGUAGE_STANDARD = gnu11;
				GCC_DYNAMIC_NO_PIC = NO;
				GCC_NO_COMMON_BLOCKS = YES;
				GCC_OPTIMIZATION_LEVEL = 0;
				GCC_PREPROCESSOR_DEFINITIONS = (
					"DEBUG=1",
					"$(inherited)",
				);
				GCC_WARN_64_TO_32_BIT_CONVERSION = YES;
				GCC_WARN_ABOUT_RETURN_TYPE = YES_ERROR;
				GCC_WARN_UNDECLARED_SELECTOR = YES;
				GCC_WARN_UNINITIALIZED_AUTOS = YES_AGGRESSIVE;
				GCC_WARN_UNUSED_FUNCTION = YES;
				GCC_WARN_UNUSED_VARIABLE = YES;
				IPHONEOS_DEPLOYMENT_TARGET = 16.0;
				MTL_ENABLE_DEBUG_INFO = INCLUDE_SOURCE;
				MTL_FAST_MATH = YES;
				ONLY_ACTIVE_ARCH = YES;
				SDKROOT = iphoneos;
				SWIFT_ACTIVE_COMPILATION_CONDITIONS = DEBUG;
				SWIFT_OPTIMIZATION_LEVEL = "-Onone";
			};
			name = Debug;
		};
		C3B2D55A2895161E003FE87B /* Release */ = {
			isa = XCBuildConfiguration;
			buildSettings = {
				ALWAYS_SEARCH_USER_PATHS = NO;
				CLANG_ANALYZER_NONNULL = YES;
				CLANG_ANALYZER_NUMBER_OBJECT_CONVERSION = YES_AGGRESSIVE;
				CLANG_CXX_LANGUAGE_STANDARD = "gnu++20";
				CLANG_ENABLE_MODULES = YES;
				CLANG_ENABLE_OBJC_ARC = YES;
				CLANG_ENABLE_OBJC_WEAK = YES;
				CLANG_WARN_BLOCK_CAPTURE_AUTORELEASING = YES;
				CLANG_WARN_BOOL_CONVERSION = YES;
				CLANG_WARN_COMMA = YES;
				CLANG_WARN_CONSTANT_CONVERSION = YES;
				CLANG_WARN_DEPRECATED_OBJC_IMPLEMENTATIONS = YES;
				CLANG_WARN_DIRECT_OBJC_ISA_USAGE = YES_ERROR;
				CLANG_WARN_DOCUMENTATION_COMMENTS = YES;
				CLANG_WARN_EMPTY_BODY = YES;
				CLANG_WARN_ENUM_CONVERSION = YES;
				CLANG_WARN_INFINITE_RECURSION = YES;
				CLANG_WARN_INT_CONVERSION = YES;
				CLANG_WARN_NON_LITERAL_NULL_CONVERSION = YES;
				CLANG_WARN_OBJC_IMPLICIT_RETAIN_SELF = YES;
				CLANG_WARN_OBJC_LITERAL_CONVERSION = YES;
				CLANG_WARN_OBJC_ROOT_CLASS = YES_ERROR;
				CLANG_WARN_QUOTED_INCLUDE_IN_FRAMEWORK_HEADER = YES;
				CLANG_WARN_RANGE_LOOP_ANALYSIS = YES;
				CLANG_WARN_STRICT_PROTOTYPES = YES;
				CLANG_WARN_SUSPICIOUS_MOVE = YES;
				CLANG_WARN_UNGUARDED_AVAILABILITY = YES_AGGRESSIVE;
				CLANG_WARN_UNREACHABLE_CODE = YES;
				CLANG_WARN__DUPLICATE_METHOD_MATCH = YES;
				COPY_PHASE_STRIP = NO;
				DEBUG_INFORMATION_FORMAT = "dwarf-with-dsym";
				ENABLE_NS_ASSERTIONS = NO;
				ENABLE_STRICT_OBJC_MSGSEND = YES;
				GCC_C_LANGUAGE_STANDARD = gnu11;
				GCC_NO_COMMON_BLOCKS = YES;
				GCC_WARN_64_TO_32_BIT_CONVERSION = YES;
				GCC_WARN_ABOUT_RETURN_TYPE = YES_ERROR;
				GCC_WARN_UNDECLARED_SELECTOR = YES;
				GCC_WARN_UNINITIALIZED_AUTOS = YES_AGGRESSIVE;
				GCC_WARN_UNUSED_FUNCTION = YES;
				GCC_WARN_UNUSED_VARIABLE = YES;
				IPHONEOS_DEPLOYMENT_TARGET = 16.0;
				MTL_ENABLE_DEBUG_INFO = NO;
				MTL_FAST_MATH = YES;
				SDKROOT = iphoneos;
				SWIFT_COMPILATION_MODE = wholemodule;
				SWIFT_OPTIMIZATION_LEVEL = "-O";
				VALIDATE_PRODUCT = YES;
			};
			name = Release;
		};
		C3B2D55C2895161E003FE87B /* Debug */ = {
			isa = XCBuildConfiguration;
			buildSettings = {
				ASSETCATALOG_COMPILER_APPICON_NAME = AppIcon;
				ASSETCATALOG_COMPILER_GLOBAL_ACCENT_COLOR_NAME = AccentColor;
				CODE_SIGN_STYLE = Automatic;
				CURRENT_PROJECT_VERSION = 1;
				DEVELOPMENT_ASSET_PATHS = "";
				DEVELOPMENT_TEAM = 8868RWK6YB;
				ENABLE_PREVIEWS = YES;
				GENERATE_INFOPLIST_FILE = YES;
				INFOPLIST_KEY_LSApplicationCategoryType = "public.app-category.weather";
				INFOPLIST_KEY_UIApplicationSceneManifest_Generation = YES;
				INFOPLIST_KEY_UIApplicationSupportsIndirectInputEvents = YES;
				INFOPLIST_KEY_UILaunchScreen_Generation = YES;
				INFOPLIST_KEY_UISupportedInterfaceOrientations = UIInterfaceOrientationPortrait;
				INFOPLIST_KEY_UISupportedInterfaceOrientations_iPad = "UIInterfaceOrientationLandscapeLeft UIInterfaceOrientationLandscapeRight UIInterfaceOrientationPortrait UIInterfaceOrientationPortraitUpsideDown";
				LD_RUNPATH_SEARCH_PATHS = (
					"$(inherited)",
					"@executable_path/Frameworks",
				);
				MARKETING_VERSION = 1.0;
				PRODUCT_BUNDLE_IDENTIFIER = cz.ruzicku.RaceWeather;
				PRODUCT_NAME = "$(TARGET_NAME)";
				SWIFT_EMIT_LOC_STRINGS = YES;
				SWIFT_VERSION = 5.0;
				TARGETED_DEVICE_FAMILY = "1,2";
			};
			name = Debug;
		};
		C3B2D55D2895161E003FE87B /* Release */ = {
			isa = XCBuildConfiguration;
			buildSettings = {
				ASSETCATALOG_COMPILER_APPICON_NAME = AppIcon;
				ASSETCATALOG_COMPILER_GLOBAL_ACCENT_COLOR_NAME = AccentColor;
				CODE_SIGN_STYLE = Automatic;
				CURRENT_PROJECT_VERSION = 1;
				DEVELOPMENT_ASSET_PATHS = "";
				DEVELOPMENT_TEAM = 8868RWK6YB;
				ENABLE_PREVIEWS = YES;
				GENERATE_INFOPLIST_FILE = YES;
				INFOPLIST_KEY_LSApplicationCategoryType = "public.app-category.weather";
				INFOPLIST_KEY_UIApplicationSceneManifest_Generation = YES;
				INFOPLIST_KEY_UIApplicationSupportsIndirectInputEvents = YES;
				INFOPLIST_KEY_UILaunchScreen_Generation = YES;
				INFOPLIST_KEY_UISupportedInterfaceOrientations = UIInterfaceOrientationPortrait;
				INFOPLIST_KEY_UISupportedInterfaceOrientations_iPad = "UIInterfaceOrientationLandscapeLeft UIInterfaceOrientationLandscapeRight UIInterfaceOrientationPortrait UIInterfaceOrientationPortraitUpsideDown";
				LD_RUNPATH_SEARCH_PATHS = (
					"$(inherited)",
					"@executable_path/Frameworks",
				);
				MARKETING_VERSION = 1.0;
				PRODUCT_BUNDLE_IDENTIFIER = cz.ruzicku.RaceWeather;
				PRODUCT_NAME = "$(TARGET_NAME)";
				SWIFT_EMIT_LOC_STRINGS = YES;
				SWIFT_VERSION = 5.0;
				TARGETED_DEVICE_FAMILY = "1,2";
			};
			name = Release;
		};
/* End XCBuildConfiguration section */

/* Begin XCConfigurationList section */
		C3B2D5482895161D003FE87B /* Build configuration list for PBXProject "RaceWeather" */ = {
			isa = XCConfigurationList;
			buildConfigurations = (
				C3B2D5592895161E003FE87B /* Debug */,
				C3B2D55A2895161E003FE87B /* Release */,
			);
			defaultConfigurationIsVisible = 0;
			defaultConfigurationName = Release;
		};
		C3B2D55B2895161E003FE87B /* Build configuration list for PBXNativeTarget "RaceWeather" */ = {
			isa = XCConfigurationList;
			buildConfigurations = (
				C3B2D55C2895161E003FE87B /* Debug */,
				C3B2D55D2895161E003FE87B /* Release */,
			);
			defaultConfigurationIsVisible = 0;
			defaultConfigurationName = Release;
		};
/* End XCConfigurationList section */

/* Begin XCSwiftPackageProductDependency section */
		C3B2D5732895250D003FE87B /* DataLayer */ = {
			isa = XCSwiftPackageProductDependency;
			productName = DataLayer;
		};
		C3B2D5752895250D003FE87B /* DomainLayer */ = {
			isa = XCSwiftPackageProductDependency;
			productName = DomainLayer;
		};
		C3B2D5772895250D003FE87B /* PresentationLayer */ = {
			isa = XCSwiftPackageProductDependency;
			productName = PresentationLayer;
		};
		C3B2D5792895250D003FE87B /* Utils */ = {
			isa = XCSwiftPackageProductDependency;
			productName = Utils;
		};
/* End XCSwiftPackageProductDependency section */
	};
	rootObject = C3B2D5452895161D003FE87B /* Project object */;
}
